
Microsoft Visual Studio Solution File, Format Version 12.00
# Visual Studio Version 16
VisualStudioVersion = 16.0.30002.166
MinimumVisualStudioVersion = 10.0.40219.1
Project("{8BC9CEB8-8B4A-11D0-8D11-00A0C91BC942}") = "Soldier", "Soldier\Soldier.vcxproj", "{49BAC5A4-870E-4490-A3C1-E0212A25E498}"
EndProject
Global
	GlobalSection(SolutionConfigurationPlatforms) = preSolution
		Debug|x64 = Debug|x64
		Debug|x86 = Debug|x86
		Release|x64 = Release|x64
		Release|x86 = Release|x86
	EndGlobalSection
	GlobalSection(ProjectConfigurationPlatforms) = postSolution
		{49BAC5A4-870E-4490-A3C1-E0212A25E498}.Debug|x64.ActiveCfg = Debug|x64
		{49BAC5A4-870E-4490-A3C1-E0212A25E498}.Debug|x64.Build.0 = Debug|x64
		{49BAC5A4-870E-4490-A3C1-E0212A25E498}.Debug|x86.ActiveCfg = Debug|Win32
		{49BAC5A4-870E-4490-A3C1-E0212A25E498}.Debug|x86.Build.0 = Debug|Win32
		{49BAC5A4-870E-4490-A3C1-E0212A25E498}.Release|x64.ActiveCfg = Release|x64
		{49BAC5A4-870E-4490-A3C1-E0212A25E498}.Release|x64.Build.0 = Release|x64
		{49BAC5A4-870E-4490-A3C1-E0212A25E498}.Release|x86.ActiveCfg = Release|Win32
		{49BAC5A4-870E-4490-A3C1-E0212A25E498}.Release|x86.Build.0 = Release|Win32
	EndGlobalSection
	GlobalSection(SolutionProperties) = preSolution
		HideSolutionNode = FALSE
	EndGlobalSection
	GlobalSection(ExtensibilityGlobals) = postSolution
		SolutionGuid = {DB0F6D67-7E3F-47C0-9C70-829420251DB2}
	EndGlobalSection
EndGlobal
